PODS:
  - crypto_plugin (0.0.1):
    - Flutter
    - ObjectivePGP (= 0.15.0)
    - RxSwift (= 4)
  - Flutter (1.0.0)
  - ObjectivePGP (0.15.0)
  - path_provider (0.0.1):
    - Flutter
  - RxSwift (4.0.0)

DEPENDENCIES:
  - crypto_plugin (from `.symlinks/plugins/crypto_plugin/ios`)
  - Flutter (from `.symlinks/flutter/ios`)
  - path_provider (from `.symlinks/plugins/path_provider/ios`)

SPEC REPOS:
  trunk:
    - ObjectivePGP
    - RxSwift

EXTERNAL SOURCES:
  crypto_plugin:
    :path: ".symlinks/plugins/crypto_plugin/ios"
  Flutter:
    :path: ".symlinks/flutter/ios"
  path_provider:
    :path: ".symlinks/plugins/path_provider/ios"

SPEC CHECKSUMS:
  crypto_plugin: d276732ffadd73265f8f98e4a1dd525f0533704a
  Flutter: 0e3d915762c693b495b44d77113d4970485de6ec
  ObjectivePGP: 35a73ed3253e7e2982184ea86b1ff6c5773d1299
  path_provider: f96fff6166a8867510d2c25fdcc346327cc4b259
  RxSwift: fd680d75283beb5e2559486f3c0ff852f0d35334

PODFILE CHECKSUM: b6a0a141693093b304368d08511b46cf3d1d0ac5

COCOAPODS: 1.8.4
