PODS:
  - BouncyCastle-ObjC (0.1.1)
  - connectivity (0.0.1):
    - Flutter
    - Reachability
  - crypto_plugin (0.0.1):
    - Flutter
  - DMSOpenPGP (0.1.4):
    - BouncyCastle-ObjC (~> 0.1.0)
    - OpenSSL-Universal (~> 1.0.2.17)
  - downloads_path_provider (0.0.1):
    - Flutter
  - file_picker (0.0.1):
    - Flutter
  - Flutter (1.0.0)
  - flutter_secure_storage (3.3.1):
    - Flutter
  - FMDB (2.7.5):
    - FMDB/standard (= 2.7.5)
  - FMDB/standard (2.7.5)
  - open_file (0.0.1):
    - Flutter
  - OpenSSL-Universal (1.0.2.19):
    - OpenSSL-Universal/Static (= 1.0.2.19)
  - OpenSSL-Universal/Static (1.0.2.19)
  - package_info (0.0.1):
    - Flutter
  - path_provider (0.0.1):
    - Flutter
  - permission_handler (3.2.2):
    - Flutter
  - Reachability (3.2)
  - RxSwift (4.0.0)
  - share_extend (0.0.1):
    - Flutter
  - shared_preferences (0.0.1):
    - Flutter
  - sqflite (0.0.1):
    - Flutter
    - FMDB (~> 2.7.2)
  - url_launcher (0.0.1):
    - Flutter

DEPENDENCIES:
  - BouncyCastle-ObjC (= 0.1.1)
  - connectivity (from `.symlinks/plugins/connectivity/ios`)
  - crypto_plugin (from `.symlinks/plugins/crypto_plugin/ios`)
  - DMSOpenPGP (= 0.1.4)
  - downloads_path_provider (from `.symlinks/plugins/downloads_path_provider/ios`)
  - file_picker (from `.symlinks/plugins/file_picker/ios`)
  - Flutter (from `Flutter`)
  - flutter_secure_storage (from `.symlinks/plugins/flutter_secure_storage/ios`)
  - open_file (from `.symlinks/plugins/open_file/ios`)
  - package_info (from `.symlinks/plugins/package_info/ios`)
  - path_provider (from `.symlinks/plugins/path_provider/ios`)
  - permission_handler (from `.symlinks/plugins/permission_handler/ios`)
  - RxSwift (= 4)
  - share_extend (from `.symlinks/plugins/share_extend/ios`)
  - shared_preferences (from `.symlinks/plugins/shared_preferences/ios`)
  - sqflite (from `.symlinks/plugins/sqflite/ios`)
  - url_launcher (from `.symlinks/plugins/url_launcher/ios`)

SPEC REPOS:
  trunk:
    - BouncyCastle-ObjC
    - DMSOpenPGP
    - FMDB
    - OpenSSL-Universal
    - Reachability
    - RxSwift

EXTERNAL SOURCES:
  connectivity:
    :path: ".symlinks/plugins/connectivity/ios"
  crypto_plugin:
    :path: ".symlinks/plugins/crypto_plugin/ios"
  downloads_path_provider:
    :path: ".symlinks/plugins/downloads_path_provider/ios"
  file_picker:
    :path: ".symlinks/plugins/file_picker/ios"
  Flutter:
    :path: Flutter
  flutter_secure_storage:
    :path: ".symlinks/plugins/flutter_secure_storage/ios"
  open_file:
    :path: ".symlinks/plugins/open_file/ios"
  package_info:
    :path: ".symlinks/plugins/package_info/ios"
  path_provider:
    :path: ".symlinks/plugins/path_provider/ios"
  permission_handler:
    :path: ".symlinks/plugins/permission_handler/ios"
  share_extend:
    :path: ".symlinks/plugins/share_extend/ios"
  shared_preferences:
    :path: ".symlinks/plugins/shared_preferences/ios"
  sqflite:
    :path: ".symlinks/plugins/sqflite/ios"
  url_launcher:
    :path: ".symlinks/plugins/url_launcher/ios"

SPEC CHECKSUMS:
  BouncyCastle-ObjC: bf0db0fe9fe11ae5e2515d2e6816ef86454b9cc6
  connectivity: 6e94255659cc86dcbef1d452ad3e0491bb1b3e75
  crypto_plugin: 628115b4b05d5843f12b3398012e0b53eabcc603
  DMSOpenPGP: 3c667b775e705abef816582f320bbadb972bd8ce
  downloads_path_provider: fe0d06888d4b8c055a59edbc2f51f03e63cb0e28
  file_picker: 408623be2125b79a4539cf703be3d4b3abe5e245
  Flutter: 0e3d915762c693b495b44d77113d4970485de6ec
  flutter_secure_storage: 7953c38a04c3fdbb00571bcd87d8e3b5ceb9daec
  FMDB: 2ce00b547f966261cd18927a3ddb07cb6f3db82a
  open_file: 02eb5cb6b21264bd3a696876f5afbfb7ca4f4b7d
  OpenSSL-Universal: 8b48cc0d10c1b2923617dfe5c178aa9ed2689355
  package_info: 48b108e75b8802c2d5e126f208ef540561c98aef
  path_provider: fb74bd0465e96b594bb3b5088ee4a4e7bb1f2a9d
  permission_handler: d59f41439f5bc6c4d1005f3355e98f05ddc68ece
  Reachability: 33e18b67625424e47b6cde6d202dce689ad7af96
  RxSwift: fd680d75283beb5e2559486f3c0ff852f0d35334
  share_extend: b6748dc53695587891126a89533b862b92548c7b
  shared_preferences: 430726339841afefe5142b9c1f50cb6bd7793e01
  sqflite: 4001a31ff81d210346b500c55b17f4d6c7589dd0
  url_launcher: a1c0cc845906122c4784c542523d8cacbded5626

PODFILE CHECKSUM: 5d602fc89814d64418cfb45bd93cab334970888a

COCOAPODS: 1.8.4
